
Microsoft Visual Studio Solution File, Format Version 12.00
# Visual Studio Version 17
VisualStudioVersion = 17.10.34928.147
MinimumVisualStudioVersion = 10.0.40219.1
Project("{9A19103F-16F7-4668-BE54-9A1E7A4F7556}") = "Damara.Core", "Damara.Core\Damara.Core.csproj", "{EF6FBBEF-C781-4DDF-ACAB-F77FAD224462}"
EndProject
Project("{9A19103F-16F7-4668-BE54-9A1E7A4F7556}") = "Damara.Core.Tests", "Damara.Core.Tests\Damara.Core.Tests.csproj", "{36F68442-3552-4282-A902-D22C66AB388B}"
EndProject
Global
	GlobalSection(SolutionConfigurationPlatforms) = preSolution
		Debug|Any CPU = Debug|Any CPU
		Release|Any CPU = Release|Any CPU
	EndGlobalSection
	GlobalSection(ProjectConfigurationPlatforms) = postSolution
		{EF6FBBEF-C781-4DDF-ACAB-F77FAD224462}.Debug|Any CPU.ActiveCfg = Debug|Any CPU
		{EF6FBBEF-C781-4DDF-ACAB-F77FAD224462}.Debug|Any CPU.Build.0 = Debug|Any CPU
		{EF6FBBEF-C781-4DDF-ACAB-F77FAD224462}.Release|Any CPU.ActiveCfg = Release|Any CPU
		{EF6FBBEF-C781-4DDF-ACAB-F77FAD224462}.Release|Any CPU.Build.0 = Release|Any CPU
		{36F68442-3552-4282-A902-D22C66AB388B}.Debug|Any CPU.ActiveCfg = Debug|Any CPU
		{36F68442-3552-4282-A902-D22C66AB388B}.Debug|Any CPU.Build.0 = Debug|Any CPU
		{36F68442-3552-4282-A902-D22C66AB388B}.Release|Any CPU.ActiveCfg = Release|Any CPU
		{36F68442-3552-4282-A902-D22C66AB388B}.Release|Any CPU.Build.0 = Release|Any CPU
	EndGlobalSection
	GlobalSection(SolutionProperties) = preSolution
		HideSolutionNode = FALSE
	EndGlobalSection
	GlobalSection(ExtensibilityGlobals) = postSolution
		SolutionGuid = {82EF06BA-4DBC-4370-BE8A-365E5026E79C}
	EndGlobalSection
	
EndGlobal

