Microsoft Visual Studio Solution File, Format Version 12.00
# Visual Studio Version 16
VisualStudioVersion = 16.0.30128.74
MinimumVisualStudioVersion = 10.0.40219.1
Project("{9A19103F-16F7-4668-BE54-9A1E7A4F7556}") = "Damara.Core", "Damara.Core\Damara.Core.csproj", "{571376BD-CD4F-4944-A505-DB1B4981AE05}"
EndProject
Project("{9A19103F-16F7-4668-BE54-9A1E7A4F7556}") = "Damara.Tests", "Damara.Tests\Damara.Tests.csproj", "{E01B546A-7CFB-40C1-8C84-A2ED50052441}"
EndProject
Project("{9A19103F-16F7-4668-BE54-9A1E7A4F7556}") = "Damara.Blazor", "Damara.Blazor\Damara.Blazor.csproj", "{F3F9A3EB-3FE6-4C03-B0F2-88A0BF320BDB}"
EndProject
Project("{9A19103F-16F7-4668-BE54-9A1E7A4F7556}") = "Core", "..\..\..\..\GAM-GoAuditMe\Source\Main\DotNet\Core\Core.csproj", "{E4C743A5-F493-4892-A71E-93842EF77623}"
EndProject
Project("{9A19103F-16F7-4668-BE54-9A1E7A4F7556}") = "Core.ScratchTests", "..\..\..\..\GAM-GoAuditMe\Source\Main\DotNet\Core.ScratchTests\Core.ScratchTests.csproj", "{4F5BAE43-D367-4801-B45D-F77FA60DCE9F}"
EndProject
Project("{9A19103F-16F7-4668-BE54-9A1E7A4F7556}") = "DomainServices", "..\..\..\..\GAM-GoAuditMe\Source\Main\DotNet\DomainServices\DomainServices.csproj", "{3FE7F76E-DE4B-4E46-AD3A-3ECAD5F3B8B6}"
EndProject
Project("{9A19103F-16F7-4668-BE54-9A1E7A4F7556}") = "DomainServices.ConsoleTests", "..\..\..\..\GAM-GoAuditMe\Source\Main\DotNet\DomainServices.ConsoleTests\DomainServices.ConsoleTests.csproj", "{C6D773A4-1C42-4B26-9624-36BF83ED4BD9}"
EndProject
Project("{9A19103F-16F7-4668-BE54-9A1E7A4F7556}") = "ApplicationServices", "..\..\..\..\GAM-GoAuditMe\Source\Main\DotNet\ApplicationServices\ApplicationServices.csproj", "{1CD38DB2-5361-4147-A1DE-AC5DB67D7C0C}"
EndProject
Project("{9A19103F-16F7-4668-BE54-9A1E7A4F7556}") = "AuditApp", "..\..\..\..\GAM-GoAuditMe\Source\Main\DotNet\AuditApp\AuditApp.csproj", "{1AA86DD1-22C5-40DF-B45C-23E54347CB63}"
EndProject
Project("{9A19103F-16F7-4668-BE54-9A1E7A4F7556}") = "HangfireCore", "..\..\..\..\GAM-GoAuditMe\Source\Main\DotNet\HangfireCore\HangfireCore.csproj", "{A1355312-8813-4E87-ABD2-94DEBEDD410F}"
EndProject
Project("{9A19103F-16F7-4668-BE54-9A1E7A4F7556}") = "HangfireServer", "..\..\..\..\GAM-GoAuditMe\Source\Main\DotNet\HangfireServer\HangfireServer.csproj", "{6ACD9358-9E54-426A-A0FD-9C7AA6B7E550}"
EndProject
Project("{9A19103F-16F7-4668-BE54-9A1E7A4F7556}") = "WebListener", "..\..\..\..\GAM-GoAuditMe\Source\Main\DotNet\WebListener\WebListener.csproj", "{940417E3-114F-409C-B455-5409CB0B6B9F}"
EndProject
Project("{9A19103F-16F7-4668-BE54-9A1E7A4F7556}") = "DomainServices.Tests", "..\..\..\..\GAM-GoAuditMe\Source\Main\DotNet\DomainServices.Tests\DomainServices.Tests.csproj", "{949B76F6-5CA3-450E-85A2-9DA8AF1ABD40}"
EndProject
Project("{2150E333-8FDC-42A3-9474-1A3956D46DE8}") = "GoAuditMe", "GoAuditMe", "{7A2749AE-E3D0-41FB-8F8E-EBBE1690EF4C}"
EndProject
Project("{2150E333-8FDC-42A3-9474-1A3956D46DE8}") = "NsaGarantie", "NsaGarantie", "{13E32C66-7B89-45A1-98C1-5098F2ED6BC7}"
EndProject
Project("{9A19103F-16F7-4668-BE54-9A1E7A4F7556}") = "ApplicationServices", "..\..\..\..\NSA-Firecrest\Source\Main\DotNet\ApplicationServices\ApplicationServices.csproj", "{00294999-0BB4-4139-A1FC-1EDD1F4CCEAC}"
EndProject
Project("{9A19103F-16F7-4668-BE54-9A1E7A4F7556}") = "ApplicationServices.Tests", "..\..\..\..\NSA-Firecrest\Source\Main\DotNet\ApplicationServices.Tests\ApplicationServices.Tests.csproj", "{18233E75-FACB-44BA-A57A-0C4C07CB5EE4}"
EndProject
Project("{9A19103F-16F7-4668-BE54-9A1E7A4F7556}") = "BackOffice", "..\..\..\..\NSA-Firecrest\Source\Main\DotNet\BackOffice\BackOffice.csproj", "{7FB1DDE3-0795-44B0-A7A0-BA4AC5824B80}"
EndProject
Project("{9A19103F-16F7-4668-BE54-9A1E7A4F7556}") = "Core.CommandLineTests", "..\..\..\..\NSA-Firecrest\Source\Main\DotNet\Core.CommandLineTests\Core.CommandLineTests.csproj", "{B7672768-B06A-4E36-B43B-6D17DB9C9C50}"
EndProject
Project("{9A19103F-16F7-4668-BE54-9A1E7A4F7556}") = "Core", "..\..\..\..\NSA-Firecrest\Source\Main\DotNet\Core\Core.csproj", "{27E4D83C-A7DA-4343-984F-193407DCD213}"
EndProject
Project("{9A19103F-16F7-4668-BE54-9A1E7A4F7556}") = "Core.Tests", "..\..\..\..\NSA-Firecrest\Source\Main\DotNet\Core.Tests\Core.Tests.csproj", "{7BDE1273-1198-40D3-B8CB-E54CC2793DC3}"
EndProject
Project("{9A19103F-16F7-4668-BE54-9A1E7A4F7556}") = "DomainServices", "..\..\..\..\NSA-Firecrest\Source\Main\DotNet\DomainServices\DomainServices.csproj", "{DCE329BB-9EC7-47D0-A8C6-F71CA9B33CC2}"
EndProject
Project("{9A19103F-16F7-4668-BE54-9A1E7A4F7556}") = "DomainServices.CommandLineTests", "..\..\..\..\NSA-Firecrest\Source\Main\DotNet\DomainServices.CommandLineTests\DomainServices.CommandLineTests.csproj", "{B65270C0-F659-44EE-BB30-535C837D5B37}"
EndProject
Project("{9A19103F-16F7-4668-BE54-9A1E7A4F7556}") = "DomainServices.Tests", "..\..\..\..\NSA-Firecrest\Source\Main\DotNet\DomainServices.Tests\DomainServices.Tests.csproj", "{411B60FB-EA64-4208-A2BE-57BED4A25205}"
EndProject
Project("{9A19103F-16F7-4668-BE54-9A1E7A4F7556}") = "HangfireCore", "..\..\..\..\NSA-Firecrest\Source\Main\DotNet\HangfireCore\HangfireCore.csproj", "{CEA12C94-2A02-43EE-BA09-CC7D0CA0312B}"
EndProject
Project("{9A19103F-16F7-4668-BE54-9A1E7A4F7556}") = "HangfireServer", "..\..\..\..\NSA-Firecrest\Source\Main\DotNet\HangfireServer\HangfireServer.csproj", "{05186D7B-2BAF-4528-A85F-423FF6C98FE0}"
EndProject
Project("{9A19103F-16F7-4668-BE54-9A1E7A4F7556}") = "InfrastructureServices", "..\..\..\..\NSA-Firecrest\Source\Main\DotNet\InfrastructureServices\InfrastructureServices.csproj", "{AA5F099E-2D71-46D7-8AEA-A5CF70086F7E}"
EndProject
Project("{9A19103F-16F7-4668-BE54-9A1E7A4F7556}") = "InfrastructureServices.Tests", "..\..\..\..\NSA-Firecrest\Source\Main\DotNet\InfrastructureServices.Tests\InfrastructureServices.Tests.csproj", "{13B624CC-9098-477D-BD40-8BABAED3D11A}"
EndProject
Project("{9A19103F-16F7-4668-BE54-9A1E7A4F7556}") = "MagicIntegration", "..\..\..\..\NSA-Firecrest\Source\Main\DotNet\MagicIntegration\MagicIntegration.csproj", "{270EE552-5082-43BF-878C-87AE49CA6BFA}"
EndProject
Project("{9A19103F-16F7-4668-BE54-9A1E7A4F7556}") = "MagicIntegration.CommandLineTests", "..\..\..\..\NSA-Firecrest\Source\Main\DotNet\MagicIntegration.CommandLineTests\MagicIntegration.CommandLineTests.csproj", "{0C6BA6B9-BCD4-4D08-8E4F-E3F7C6B6B751}"
EndProject
Project("{9A19103F-16F7-4668-BE54-9A1E7A4F7556}") = "MagicIntegration.Tests", "..\..\..\..\NSA-Firecrest\Source\Main\DotNet\MagicIntegration.Tests\MagicIntegration.Tests.csproj", "{E96D1CA5-3060-4302-AE2E-904F5647BBE2}"
EndProject
Project("{9A19103F-16F7-4668-BE54-9A1E7A4F7556}") = "MyNsa", "..\..\..\..\NSA-Firecrest\Source\Main\DotNet\MyNsa\MyNsa.csproj", "{482C06D5-B775-411E-8253-24D4819F094A}"
EndProject
Project("{9A19103F-16F7-4668-BE54-9A1E7A4F7556}") = "NsaNet", "..\..\..\..\NSA-Firecrest\Source\Main\DotNet\NsaNet\NsaNet.csproj", "{FFC6A1E5-69DD-42BF-81CA-230EE50E5B11}"
EndProject
Project("{2150E333-8FDC-42A3-9474-1A3956D46DE8}") = "SmsSwitzerland", "SmsSwitzerland", "{6E7D5341-8D80-4EDD-87C5-5D2B1378618E}"
EndProject
Project("{9A19103F-16F7-4668-BE54-9A1E7A4F7556}") = "ApplicationServices", "..\..\..\..\SMS-Hal\Source\Main\DotNet\ApplicationServices\ApplicationServices.csproj", "{99577056-E6B9-48F7-8CD1-DFD4D663125D}"
EndProject
Project("{9A19103F-16F7-4668-BE54-9A1E7A4F7556}") = "Core", "..\..\..\..\SMS-Hal\Source\Main\DotNet\Core\Core.csproj", "{7345EE0D-F2E7-4676-A4C8-2979F30845F0}"
EndProject
Project("{9A19103F-16F7-4668-BE54-9A1E7A4F7556}") = "Core.Tests", "..\..\..\..\SMS-Hal\Source\Main\DotNet\Core.Tests\Core.Tests.csproj", "{17951C99-3D5F-4E63-8959-F9A6AC93412C}"
EndProject
Project("{9A19103F-16F7-4668-BE54-9A1E7A4F7556}") = "DomainServices", "..\..\..\..\SMS-Hal\Source\Main\DotNet\DomainServices\DomainServices.csproj", "{D274B38E-FF0E-412C-872E-6A379D8DFB5A}"
EndProject
Project("{9A19103F-16F7-4668-BE54-9A1E7A4F7556}") = "DomainServices.Console", "..\..\..\..\SMS-Hal\Source\Main\DotNet\DomainServices.Console\DomainServices.Console.csproj", "{7F334918-EB43-49C8-8826-6C824D6EE6F3}"
EndProject
Project("{9A19103F-16F7-4668-BE54-9A1E7A4F7556}") = "DomainServicesTests", "..\..\..\..\SMS-Hal\Source\Main\DotNet\DomainServicesTests\DomainServicesTests.csproj", "{916D90D2-5FF4-44BF-8540-8A493C584136}"
EndProject
Project("{9A19103F-16F7-4668-BE54-9A1E7A4F7556}") = "HangfireCore", "..\..\..\..\SMS-Hal\Source\Main\DotNet\HangfireCore\HangfireCore.csproj", "{A3E1C1D4-E993-4A12-8C48-A0081C1E517B}"
EndProject
Project("{9A19103F-16F7-4668-BE54-9A1E7A4F7556}") = "HangfireServer", "..\..\..\..\SMS-Hal\Source\Main\DotNet\HangfireServer\HangfireServer.csproj", "{A4B39637-49B1-4279-B1D4-68048725B17D}"
EndProject
Project("{9A19103F-16F7-4668-BE54-9A1E7A4F7556}") = "InfrastructureServices", "..\..\..\..\SMS-Hal\Source\Main\DotNet\InfrastructureServices\InfrastructureServices.csproj", "{83FFC6E5-C327-4448-A95F-781ABFBA7BAF}"
EndProject
Project("{9A19103F-16F7-4668-BE54-9A1E7A4F7556}") = "InfrastructureServices.Tests", "..\..\..\..\SMS-Hal\Source\Main\DotNet\InfrastructureServices.Tests\InfrastructureServices.Tests.csproj", "{A896CFEC-9E68-4028-9FDC-F5994625C235}"
EndProject
Project("{9A19103F-16F7-4668-BE54-9A1E7A4F7556}") = "WebApp", "..\..\..\..\SMS-Hal\Source\Main\DotNet\WebApp\WebApp.csproj", "{F4CF4F8C-E75F-4975-B88E-5C76E0E859D0}"
EndProject
Project("{9A19103F-16F7-4668-BE54-9A1E7A4F7556}") = "ManagementApp", "..\..\..\..\GAM-GoAuditMe\Source\Main\DotNet\ManagementApp\ManagementApp.csproj", "{A949DC95-E0A4-49B4-8E88-367B51A9A299}"
EndProject
Project("{9A19103F-16F7-4668-BE54-9A1E7A4F7556}") = "WebApis", "..\..\..\..\SMS-Hal\Source\Main\DotNet\WebApis\WebApis.csproj", "{E54A5CFC-410C-406A-BCCE-B31909C8FFDF}"
EndProject
Global
	GlobalSection(SolutionConfigurationPlatforms) = preSolution
		Debug|Any CPU = Debug|Any CPU
		Release|Any CPU = Release|Any CPU
		Staging|Any CPU = Staging|Any CPU
	EndGlobalSection
	GlobalSection(ProjectConfigurationPlatforms) = postSolution
		{571376BD-CD4F-4944-A505-DB1B4981AE05}.Debug|Any CPU.ActiveCfg = Debug|Any CPU
		{571376BD-CD4F-4944-A505-DB1B4981AE05}.Debug|Any CPU.Build.0 = Debug|Any CPU
		{571376BD-CD4F-4944-A505-DB1B4981AE05}.Release|Any CPU.ActiveCfg = Release|Any CPU
		{571376BD-CD4F-4944-A505-DB1B4981AE05}.Release|Any CPU.Build.0 = Release|Any CPU
		{571376BD-CD4F-4944-A505-DB1B4981AE05}.Staging|Any CPU.ActiveCfg = Release|Any CPU
		{571376BD-CD4F-4944-A505-DB1B4981AE05}.Staging|Any CPU.Build.0 = Release|Any CPU
		{E01B546A-7CFB-40C1-8C84-A2ED50052441}.Debug|Any CPU.ActiveCfg = Debug|Any CPU
		{E01B546A-7CFB-40C1-8C84-A2ED50052441}.Debug|Any CPU.Build.0 = Debug|Any CPU
		{E01B546A-7CFB-40C1-8C84-A2ED50052441}.Release|Any CPU.ActiveCfg = Release|Any CPU
		{E01B546A-7CFB-40C1-8C84-A2ED50052441}.Release|Any CPU.Build.0 = Release|Any CPU
		{E01B546A-7CFB-40C1-8C84-A2ED50052441}.Staging|Any CPU.ActiveCfg = Release|Any CPU
		{E01B546A-7CFB-40C1-8C84-A2ED50052441}.Staging|Any CPU.Build.0 = Release|Any CPU
		{F3F9A3EB-3FE6-4C03-B0F2-88A0BF320BDB}.Debug|Any CPU.ActiveCfg = Debug|Any CPU
		{F3F9A3EB-3FE6-4C03-B0F2-88A0BF320BDB}.Debug|Any CPU.Build.0 = Debug|Any CPU
		{F3F9A3EB-3FE6-4C03-B0F2-88A0BF320BDB}.Release|Any CPU.ActiveCfg = Release|Any CPU
		{F3F9A3EB-3FE6-4C03-B0F2-88A0BF320BDB}.Release|Any CPU.Build.0 = Release|Any CPU
		{F3F9A3EB-3FE6-4C03-B0F2-88A0BF320BDB}.Staging|Any CPU.ActiveCfg = Release|Any CPU
		{F3F9A3EB-3FE6-4C03-B0F2-88A0BF320BDB}.Staging|Any CPU.Build.0 = Release|Any CPU
		{E4C743A5-F493-4892-A71E-93842EF77623}.Debug|Any CPU.ActiveCfg = Debug|Any CPU
		{E4C743A5-F493-4892-A71E-93842EF77623}.Debug|Any CPU.Build.0 = Debug|Any CPU
		{E4C743A5-F493-4892-A71E-93842EF77623}.Release|Any CPU.ActiveCfg = Release|Any CPU
		{E4C743A5-F493-4892-A71E-93842EF77623}.Release|Any CPU.Build.0 = Release|Any CPU
		{E4C743A5-F493-4892-A71E-93842EF77623}.Staging|Any CPU.ActiveCfg = Staging|Any CPU
		{E4C743A5-F493-4892-A71E-93842EF77623}.Staging|Any CPU.Build.0 = Staging|Any CPU
		{4F5BAE43-D367-4801-B45D-F77FA60DCE9F}.Debug|Any CPU.ActiveCfg = Debug|Any CPU
		{4F5BAE43-D367-4801-B45D-F77FA60DCE9F}.Debug|Any CPU.Build.0 = Debug|Any CPU
		{4F5BAE43-D367-4801-B45D-F77FA60DCE9F}.Release|Any CPU.ActiveCfg = Release|Any CPU
		{4F5BAE43-D367-4801-B45D-F77FA60DCE9F}.Release|Any CPU.Build.0 = Release|Any CPU
		{4F5BAE43-D367-4801-B45D-F77FA60DCE9F}.Staging|Any CPU.ActiveCfg = Debug|Any CPU
		{4F5BAE43-D367-4801-B45D-F77FA60DCE9F}.Staging|Any CPU.Build.0 = Debug|Any CPU
		{3FE7F76E-DE4B-4E46-AD3A-3ECAD5F3B8B6}.Debug|Any CPU.ActiveCfg = Debug|Any CPU
		{3FE7F76E-DE4B-4E46-AD3A-3ECAD5F3B8B6}.Debug|Any CPU.Build.0 = Debug|Any CPU
		{3FE7F76E-DE4B-4E46-AD3A-3ECAD5F3B8B6}.Release|Any CPU.ActiveCfg = Release|Any CPU
		{3FE7F76E-DE4B-4E46-AD3A-3ECAD5F3B8B6}.Release|Any CPU.Build.0 = Release|Any CPU
		{3FE7F76E-DE4B-4E46-AD3A-3ECAD5F3B8B6}.Staging|Any CPU.ActiveCfg = Staging|Any CPU
		{3FE7F76E-DE4B-4E46-AD3A-3ECAD5F3B8B6}.Staging|Any CPU.Build.0 = Staging|Any CPU
		{C6D773A4-1C42-4B26-9624-36BF83ED4BD9}.Debug|Any CPU.ActiveCfg = Debug|Any CPU
		{C6D773A4-1C42-4B26-9624-36BF83ED4BD9}.Debug|Any CPU.Build.0 = Debug|Any CPU
		{C6D773A4-1C42-4B26-9624-36BF83ED4BD9}.Release|Any CPU.ActiveCfg = Release|Any CPU
		{C6D773A4-1C42-4B26-9624-36BF83ED4BD9}.Release|Any CPU.Build.0 = Release|Any CPU
		{C6D773A4-1C42-4B26-9624-36BF83ED4BD9}.Staging|Any CPU.ActiveCfg = Debug|Any CPU
		{C6D773A4-1C42-4B26-9624-36BF83ED4BD9}.Staging|Any CPU.Build.0 = Debug|Any CPU
		{1CD38DB2-5361-4147-A1DE-AC5DB67D7C0C}.Debug|Any CPU.ActiveCfg = Debug|Any CPU
		{1CD38DB2-5361-4147-A1DE-AC5DB67D7C0C}.Debug|Any CPU.Build.0 = Debug|Any CPU
		{1CD38DB2-5361-4147-A1DE-AC5DB67D7C0C}.Release|Any CPU.ActiveCfg = Release|Any CPU
		{1CD38DB2-5361-4147-A1DE-AC5DB67D7C0C}.Release|Any CPU.Build.0 = Release|Any CPU
		{1CD38DB2-5361-4147-A1DE-AC5DB67D7C0C}.Staging|Any CPU.ActiveCfg = Staging|Any CPU
		{1CD38DB2-5361-4147-A1DE-AC5DB67D7C0C}.Staging|Any CPU.Build.0 = Staging|Any CPU
		{1AA86DD1-22C5-40DF-B45C-23E54347CB63}.Debug|Any CPU.ActiveCfg = Debug|Any CPU
		{1AA86DD1-22C5-40DF-B45C-23E54347CB63}.Debug|Any CPU.Build.0 = Debug|Any CPU
		{1AA86DD1-22C5-40DF-B45C-23E54347CB63}.Release|Any CPU.ActiveCfg = Release|Any CPU
		{1AA86DD1-22C5-40DF-B45C-23E54347CB63}.Release|Any CPU.Build.0 = Release|Any CPU
		{1AA86DD1-22C5-40DF-B45C-23E54347CB63}.Staging|Any CPU.ActiveCfg = Debug|Any CPU
		{1AA86DD1-22C5-40DF-B45C-23E54347CB63}.Staging|Any CPU.Build.0 = Debug|Any CPU
		{A1355312-8813-4E87-ABD2-94DEBEDD410F}.Debug|Any CPU.ActiveCfg = Debug|Any CPU
		{A1355312-8813-4E87-ABD2-94DEBEDD410F}.Debug|Any CPU.Build.0 = Debug|Any CPU
		{A1355312-8813-4E87-ABD2-94DEBEDD410F}.Release|Any CPU.ActiveCfg = Release|Any CPU
		{A1355312-8813-4E87-ABD2-94DEBEDD410F}.Release|Any CPU.Build.0 = Release|Any CPU
		{A1355312-8813-4E87-ABD2-94DEBEDD410F}.Staging|Any CPU.ActiveCfg = Debug|Any CPU
		{A1355312-8813-4E87-ABD2-94DEBEDD410F}.Staging|Any CPU.Build.0 = Debug|Any CPU
		{6ACD9358-9E54-426A-A0FD-9C7AA6B7E550}.Debug|Any CPU.ActiveCfg = Debug|Any CPU
		{6ACD9358-9E54-426A-A0FD-9C7AA6B7E550}.Debug|Any CPU.Build.0 = Debug|Any CPU
		{6ACD9358-9E54-426A-A0FD-9C7AA6B7E550}.Release|Any CPU.ActiveCfg = Release|Any CPU
		{6ACD9358-9E54-426A-A0FD-9C7AA6B7E550}.Release|Any CPU.Build.0 = Release|Any CPU
		{6ACD9358-9E54-426A-A0FD-9C7AA6B7E550}.Staging|Any CPU.ActiveCfg = Debug|Any CPU
		{6ACD9358-9E54-426A-A0FD-9C7AA6B7E550}.Staging|Any CPU.Build.0 = Debug|Any CPU
		{940417E3-114F-409C-B455-5409CB0B6B9F}.Debug|Any CPU.ActiveCfg = Debug|Any CPU
		{940417E3-114F-409C-B455-5409CB0B6B9F}.Debug|Any CPU.Build.0 = Debug|Any CPU
		{940417E3-114F-409C-B455-5409CB0B6B9F}.Release|Any CPU.ActiveCfg = Release|Any CPU
		{940417E3-114F-409C-B455-5409CB0B6B9F}.Release|Any CPU.Build.0 = Release|Any CPU
		{940417E3-114F-409C-B455-5409CB0B6B9F}.Staging|Any CPU.ActiveCfg = Debug|Any CPU
		{940417E3-114F-409C-B455-5409CB0B6B9F}.Staging|Any CPU.Build.0 = Debug|Any CPU
		{949B76F6-5CA3-450E-85A2-9DA8AF1ABD40}.Debug|Any CPU.ActiveCfg = Debug|Any CPU
		{949B76F6-5CA3-450E-85A2-9DA8AF1ABD40}.Debug|Any CPU.Build.0 = Debug|Any CPU
		{949B76F6-5CA3-450E-85A2-9DA8AF1ABD40}.Release|Any CPU.ActiveCfg = Release|Any CPU
		{949B76F6-5CA3-450E-85A2-9DA8AF1ABD40}.Release|Any CPU.Build.0 = Release|Any CPU
		{949B76F6-5CA3-450E-85A2-9DA8AF1ABD40}.Staging|Any CPU.ActiveCfg = Staging|Any CPU
		{949B76F6-5CA3-450E-85A2-9DA8AF1ABD40}.Staging|Any CPU.Build.0 = Staging|Any CPU
		{00294999-0BB4-4139-A1FC-1EDD1F4CCEAC}.Debug|Any CPU.ActiveCfg = Debug|Any CPU
		{00294999-0BB4-4139-A1FC-1EDD1F4CCEAC}.Debug|Any CPU.Build.0 = Debug|Any CPU
		{00294999-0BB4-4139-A1FC-1EDD1F4CCEAC}.Release|Any CPU.ActiveCfg = Release|Any CPU
		{00294999-0BB4-4139-A1FC-1EDD1F4CCEAC}.Release|Any CPU.Build.0 = Release|Any CPU
		{00294999-0BB4-4139-A1FC-1EDD1F4CCEAC}.Staging|Any CPU.ActiveCfg = Debug|Any CPU
		{00294999-0BB4-4139-A1FC-1EDD1F4CCEAC}.Staging|Any CPU.Build.0 = Debug|Any CPU
		{18233E75-FACB-44BA-A57A-0C4C07CB5EE4}.Debug|Any CPU.ActiveCfg = Debug|Any CPU
		{18233E75-FACB-44BA-A57A-0C4C07CB5EE4}.Debug|Any CPU.Build.0 = Debug|Any CPU
		{18233E75-FACB-44BA-A57A-0C4C07CB5EE4}.Release|Any CPU.ActiveCfg = Release|Any CPU
		{18233E75-FACB-44BA-A57A-0C4C07CB5EE4}.Release|Any CPU.Build.0 = Release|Any CPU
		{18233E75-FACB-44BA-A57A-0C4C07CB5EE4}.Staging|Any CPU.ActiveCfg = Debug|Any CPU
		{18233E75-FACB-44BA-A57A-0C4C07CB5EE4}.Staging|Any CPU.Build.0 = Debug|Any CPU
		{7FB1DDE3-0795-44B0-A7A0-BA4AC5824B80}.Debug|Any CPU.ActiveCfg = Debug|Any CPU
		{7FB1DDE3-0795-44B0-A7A0-BA4AC5824B80}.Debug|Any CPU.Build.0 = Debug|Any CPU
		{7FB1DDE3-0795-44B0-A7A0-BA4AC5824B80}.Release|Any CPU.ActiveCfg = Release|Any CPU
		{7FB1DDE3-0795-44B0-A7A0-BA4AC5824B80}.Release|Any CPU.Build.0 = Release|Any CPU
		{7FB1DDE3-0795-44B0-A7A0-BA4AC5824B80}.Staging|Any CPU.ActiveCfg = Debug|Any CPU
		{7FB1DDE3-0795-44B0-A7A0-BA4AC5824B80}.Staging|Any CPU.Build.0 = Debug|Any CPU
		{B7672768-B06A-4E36-B43B-6D17DB9C9C50}.Debug|Any CPU.ActiveCfg = Debug|Any CPU
		{B7672768-B06A-4E36-B43B-6D17DB9C9C50}.Debug|Any CPU.Build.0 = Debug|Any CPU
		{B7672768-B06A-4E36-B43B-6D17DB9C9C50}.Release|Any CPU.ActiveCfg = Release|Any CPU
		{B7672768-B06A-4E36-B43B-6D17DB9C9C50}.Release|Any CPU.Build.0 = Release|Any CPU
		{B7672768-B06A-4E36-B43B-6D17DB9C9C50}.Staging|Any CPU.ActiveCfg = Debug|Any CPU
		{B7672768-B06A-4E36-B43B-6D17DB9C9C50}.Staging|Any CPU.Build.0 = Debug|Any CPU
		{27E4D83C-A7DA-4343-984F-193407DCD213}.Debug|Any CPU.ActiveCfg = Debug|Any CPU
		{27E4D83C-A7DA-4343-984F-193407DCD213}.Debug|Any CPU.Build.0 = Debug|Any CPU
		{27E4D83C-A7DA-4343-984F-193407DCD213}.Release|Any CPU.ActiveCfg = Release|Any CPU
		{27E4D83C-A7DA-4343-984F-193407DCD213}.Release|Any CPU.Build.0 = Release|Any CPU
		{27E4D83C-A7DA-4343-984F-193407DCD213}.Staging|Any CPU.ActiveCfg = Debug|Any CPU
		{27E4D83C-A7DA-4343-984F-193407DCD213}.Staging|Any CPU.Build.0 = Debug|Any CPU
		{7BDE1273-1198-40D3-B8CB-E54CC2793DC3}.Debug|Any CPU.ActiveCfg = Debug|Any CPU
		{7BDE1273-1198-40D3-B8CB-E54CC2793DC3}.Debug|Any CPU.Build.0 = Debug|Any CPU
		{7BDE1273-1198-40D3-B8CB-E54CC2793DC3}.Release|Any CPU.ActiveCfg = Release|Any CPU
		{7BDE1273-1198-40D3-B8CB-E54CC2793DC3}.Release|Any CPU.Build.0 = Release|Any CPU
		{7BDE1273-1198-40D3-B8CB-E54CC2793DC3}.Staging|Any CPU.ActiveCfg = Debug|Any CPU
		{7BDE1273-1198-40D3-B8CB-E54CC2793DC3}.Staging|Any CPU.Build.0 = Debug|Any CPU
		{DCE329BB-9EC7-47D0-A8C6-F71CA9B33CC2}.Debug|Any CPU.ActiveCfg = Debug|Any CPU
		{DCE329BB-9EC7-47D0-A8C6-F71CA9B33CC2}.Debug|Any CPU.Build.0 = Debug|Any CPU
		{DCE329BB-9EC7-47D0-A8C6-F71CA9B33CC2}.Release|Any CPU.ActiveCfg = Release|Any CPU
		{DCE329BB-9EC7-47D0-A8C6-F71CA9B33CC2}.Release|Any CPU.Build.0 = Release|Any CPU
		{DCE329BB-9EC7-47D0-A8C6-F71CA9B33CC2}.Staging|Any CPU.ActiveCfg = Debug|Any CPU
		{DCE329BB-9EC7-47D0-A8C6-F71CA9B33CC2}.Staging|Any CPU.Build.0 = Debug|Any CPU
		{B65270C0-F659-44EE-BB30-535C837D5B37}.Debug|Any CPU.ActiveCfg = Debug|Any CPU
		{B65270C0-F659-44EE-BB30-535C837D5B37}.Debug|Any CPU.Build.0 = Debug|Any CPU
		{B65270C0-F659-44EE-BB30-535C837D5B37}.Release|Any CPU.ActiveCfg = Release|Any CPU
		{B65270C0-F659-44EE-BB30-535C837D5B37}.Release|Any CPU.Build.0 = Release|Any CPU
		{B65270C0-F659-44EE-BB30-535C837D5B37}.Staging|Any CPU.ActiveCfg = Debug|Any CPU
		{B65270C0-F659-44EE-BB30-535C837D5B37}.Staging|Any CPU.Build.0 = Debug|Any CPU
		{411B60FB-EA64-4208-A2BE-57BED4A25205}.Debug|Any CPU.ActiveCfg = Debug|Any CPU
		{411B60FB-EA64-4208-A2BE-57BED4A25205}.Debug|Any CPU.Build.0 = Debug|Any CPU
		{411B60FB-EA64-4208-A2BE-57BED4A25205}.Release|Any CPU.ActiveCfg = Release|Any CPU
		{411B60FB-EA64-4208-A2BE-57BED4A25205}.Release|Any CPU.Build.0 = Release|Any CPU
		{411B60FB-EA64-4208-A2BE-57BED4A25205}.Staging|Any CPU.ActiveCfg = Debug|Any CPU
		{411B60FB-EA64-4208-A2BE-57BED4A25205}.Staging|Any CPU.Build.0 = Debug|Any CPU
		{CEA12C94-2A02-43EE-BA09-CC7D0CA0312B}.Debug|Any CPU.ActiveCfg = Debug|Any CPU
		{CEA12C94-2A02-43EE-BA09-CC7D0CA0312B}.Debug|Any CPU.Build.0 = Debug|Any CPU
		{CEA12C94-2A02-43EE-BA09-CC7D0CA0312B}.Release|Any CPU.ActiveCfg = Release|Any CPU
		{CEA12C94-2A02-43EE-BA09-CC7D0CA0312B}.Release|Any CPU.Build.0 = Release|Any CPU
		{CEA12C94-2A02-43EE-BA09-CC7D0CA0312B}.Staging|Any CPU.ActiveCfg = Debug|Any CPU
		{CEA12C94-2A02-43EE-BA09-CC7D0CA0312B}.Staging|Any CPU.Build.0 = Debug|Any CPU
		{05186D7B-2BAF-4528-A85F-423FF6C98FE0}.Debug|Any CPU.ActiveCfg = Debug|Any CPU
		{05186D7B-2BAF-4528-A85F-423FF6C98FE0}.Debug|Any CPU.Build.0 = Debug|Any CPU
		{05186D7B-2BAF-4528-A85F-423FF6C98FE0}.Release|Any CPU.ActiveCfg = Release|Any CPU
		{05186D7B-2BAF-4528-A85F-423FF6C98FE0}.Release|Any CPU.Build.0 = Release|Any CPU
		{05186D7B-2BAF-4528-A85F-423FF6C98FE0}.Staging|Any CPU.ActiveCfg = Debug|Any CPU
		{05186D7B-2BAF-4528-A85F-423FF6C98FE0}.Staging|Any CPU.Build.0 = Debug|Any CPU
		{AA5F099E-2D71-46D7-8AEA-A5CF70086F7E}.Debug|Any CPU.ActiveCfg = Debug|Any CPU
		{AA5F099E-2D71-46D7-8AEA-A5CF70086F7E}.Debug|Any CPU.Build.0 = Debug|Any CPU
		{AA5F099E-2D71-46D7-8AEA-A5CF70086F7E}.Release|Any CPU.ActiveCfg = Release|Any CPU
		{AA5F099E-2D71-46D7-8AEA-A5CF70086F7E}.Release|Any CPU.Build.0 = Release|Any CPU
		{AA5F099E-2D71-46D7-8AEA-A5CF70086F7E}.Staging|Any CPU.ActiveCfg = Debug|Any CPU
		{AA5F099E-2D71-46D7-8AEA-A5CF70086F7E}.Staging|Any CPU.Build.0 = Debug|Any CPU
		{13B624CC-9098-477D-BD40-8BABAED3D11A}.Debug|Any CPU.ActiveCfg = Debug|Any CPU
		{13B624CC-9098-477D-BD40-8BABAED3D11A}.Debug|Any CPU.Build.0 = Debug|Any CPU
		{13B624CC-9098-477D-BD40-8BABAED3D11A}.Release|Any CPU.ActiveCfg = Release|Any CPU
		{13B624CC-9098-477D-BD40-8BABAED3D11A}.Release|Any CPU.Build.0 = Release|Any CPU
		{13B624CC-9098-477D-BD40-8BABAED3D11A}.Staging|Any CPU.ActiveCfg = Debug|Any CPU
		{13B624CC-9098-477D-BD40-8BABAED3D11A}.Staging|Any CPU.Build.0 = Debug|Any CPU
		{270EE552-5082-43BF-878C-87AE49CA6BFA}.Debug|Any CPU.ActiveCfg = Debug|Any CPU
		{270EE552-5082-43BF-878C-87AE49CA6BFA}.Debug|Any CPU.Build.0 = Debug|Any CPU
		{270EE552-5082-43BF-878C-87AE49CA6BFA}.Release|Any CPU.ActiveCfg = Release|Any CPU
		{270EE552-5082-43BF-878C-87AE49CA6BFA}.Release|Any CPU.Build.0 = Release|Any CPU
		{270EE552-5082-43BF-878C-87AE49CA6BFA}.Staging|Any CPU.ActiveCfg = Debug|Any CPU
		{270EE552-5082-43BF-878C-87AE49CA6BFA}.Staging|Any CPU.Build.0 = Debug|Any CPU
		{0C6BA6B9-BCD4-4D08-8E4F-E3F7C6B6B751}.Debug|Any CPU.ActiveCfg = Debug|Any CPU
		{0C6BA6B9-BCD4-4D08-8E4F-E3F7C6B6B751}.Debug|Any CPU.Build.0 = Debug|Any CPU
		{0C6BA6B9-BCD4-4D08-8E4F-E3F7C6B6B751}.Release|Any CPU.ActiveCfg = Release|Any CPU
		{0C6BA6B9-BCD4-4D08-8E4F-E3F7C6B6B751}.Release|Any CPU.Build.0 = Release|Any CPU
		{0C6BA6B9-BCD4-4D08-8E4F-E3F7C6B6B751}.Staging|Any CPU.ActiveCfg = Debug|Any CPU
		{0C6BA6B9-BCD4-4D08-8E4F-E3F7C6B6B751}.Staging|Any CPU.Build.0 = Debug|Any CPU
		{E96D1CA5-3060-4302-AE2E-904F5647BBE2}.Debug|Any CPU.ActiveCfg = Debug|Any CPU
		{E96D1CA5-3060-4302-AE2E-904F5647BBE2}.Debug|Any CPU.Build.0 = Debug|Any CPU
		{E96D1CA5-3060-4302-AE2E-904F5647BBE2}.Release|Any CPU.ActiveCfg = Release|Any CPU
		{E96D1CA5-3060-4302-AE2E-904F5647BBE2}.Release|Any CPU.Build.0 = Release|Any CPU
		{E96D1CA5-3060-4302-AE2E-904F5647BBE2}.Staging|Any CPU.ActiveCfg = Debug|Any CPU
		{E96D1CA5-3060-4302-AE2E-904F5647BBE2}.Staging|Any CPU.Build.0 = Debug|Any CPU
		{482C06D5-B775-411E-8253-24D4819F094A}.Debug|Any CPU.ActiveCfg = Debug|Any CPU
		{482C06D5-B775-411E-8253-24D4819F094A}.Debug|Any CPU.Build.0 = Debug|Any CPU
		{482C06D5-B775-411E-8253-24D4819F094A}.Release|Any CPU.ActiveCfg = Release|Any CPU
		{482C06D5-B775-411E-8253-24D4819F094A}.Release|Any CPU.Build.0 = Release|Any CPU
		{482C06D5-B775-411E-8253-24D4819F094A}.Staging|Any CPU.ActiveCfg = Debug|Any CPU
		{482C06D5-B775-411E-8253-24D4819F094A}.Staging|Any CPU.Build.0 = Debug|Any CPU
		{FFC6A1E5-69DD-42BF-81CA-230EE50E5B11}.Debug|Any CPU.ActiveCfg = Debug|Any CPU
		{FFC6A1E5-69DD-42BF-81CA-230EE50E5B11}.Debug|Any CPU.Build.0 = Debug|Any CPU
		{FFC6A1E5-69DD-42BF-81CA-230EE50E5B11}.Release|Any CPU.ActiveCfg = Release|Any CPU
		{FFC6A1E5-69DD-42BF-81CA-230EE50E5B11}.Release|Any CPU.Build.0 = Release|Any CPU
		{FFC6A1E5-69DD-42BF-81CA-230EE50E5B11}.Staging|Any CPU.ActiveCfg = Debug|Any CPU
		{FFC6A1E5-69DD-42BF-81CA-230EE50E5B11}.Staging|Any CPU.Build.0 = Debug|Any CPU
		{99577056-E6B9-48F7-8CD1-DFD4D663125D}.Debug|Any CPU.ActiveCfg = Debug|Any CPU
		{99577056-E6B9-48F7-8CD1-DFD4D663125D}.Debug|Any CPU.Build.0 = Debug|Any CPU
		{99577056-E6B9-48F7-8CD1-DFD4D663125D}.Release|Any CPU.ActiveCfg = Release|Any CPU
		{99577056-E6B9-48F7-8CD1-DFD4D663125D}.Release|Any CPU.Build.0 = Release|Any CPU
		{99577056-E6B9-48F7-8CD1-DFD4D663125D}.Staging|Any CPU.ActiveCfg = Debug|Any CPU
		{99577056-E6B9-48F7-8CD1-DFD4D663125D}.Staging|Any CPU.Build.0 = Debug|Any CPU
		{7345EE0D-F2E7-4676-A4C8-2979F30845F0}.Debug|Any CPU.ActiveCfg = Debug|Any CPU
		{7345EE0D-F2E7-4676-A4C8-2979F30845F0}.Debug|Any CPU.Build.0 = Debug|Any CPU
		{7345EE0D-F2E7-4676-A4C8-2979F30845F0}.Release|Any CPU.ActiveCfg = Release|Any CPU
		{7345EE0D-F2E7-4676-A4C8-2979F30845F0}.Release|Any CPU.Build.0 = Release|Any CPU
		{7345EE0D-F2E7-4676-A4C8-2979F30845F0}.Staging|Any CPU.ActiveCfg = Debug|Any CPU
		{7345EE0D-F2E7-4676-A4C8-2979F30845F0}.Staging|Any CPU.Build.0 = Debug|Any CPU
		{17951C99-3D5F-4E63-8959-F9A6AC93412C}.Debug|Any CPU.ActiveCfg = Debug|Any CPU
		{17951C99-3D5F-4E63-8959-F9A6AC93412C}.Debug|Any CPU.Build.0 = Debug|Any CPU
		{17951C99-3D5F-4E63-8959-F9A6AC93412C}.Release|Any CPU.ActiveCfg = Release|Any CPU
		{17951C99-3D5F-4E63-8959-F9A6AC93412C}.Release|Any CPU.Build.0 = Release|Any CPU
		{17951C99-3D5F-4E63-8959-F9A6AC93412C}.Staging|Any CPU.ActiveCfg = Debug|Any CPU
		{17951C99-3D5F-4E63-8959-F9A6AC93412C}.Staging|Any CPU.Build.0 = Debug|Any CPU
		{D274B38E-FF0E-412C-872E-6A379D8DFB5A}.Debug|Any CPU.ActiveCfg = Debug|Any CPU
		{D274B38E-FF0E-412C-872E-6A379D8DFB5A}.Debug|Any CPU.Build.0 = Debug|Any CPU
		{D274B38E-FF0E-412C-872E-6A379D8DFB5A}.Release|Any CPU.ActiveCfg = Release|Any CPU
		{D274B38E-FF0E-412C-872E-6A379D8DFB5A}.Release|Any CPU.Build.0 = Release|Any CPU
		{D274B38E-FF0E-412C-872E-6A379D8DFB5A}.Staging|Any CPU.ActiveCfg = Debug|Any CPU
		{D274B38E-FF0E-412C-872E-6A379D8DFB5A}.Staging|Any CPU.Build.0 = Debug|Any CPU
		{7F334918-EB43-49C8-8826-6C824D6EE6F3}.Debug|Any CPU.ActiveCfg = Debug|Any CPU
		{7F334918-EB43-49C8-8826-6C824D6EE6F3}.Debug|Any CPU.Build.0 = Debug|Any CPU
		{7F334918-EB43-49C8-8826-6C824D6EE6F3}.Release|Any CPU.ActiveCfg = Release|Any CPU
		{7F334918-EB43-49C8-8826-6C824D6EE6F3}.Release|Any CPU.Build.0 = Release|Any CPU
		{7F334918-EB43-49C8-8826-6C824D6EE6F3}.Staging|Any CPU.ActiveCfg = Debug|Any CPU
		{7F334918-EB43-49C8-8826-6C824D6EE6F3}.Staging|Any CPU.Build.0 = Debug|Any CPU
		{916D90D2-5FF4-44BF-8540-8A493C584136}.Debug|Any CPU.ActiveCfg = Debug|Any CPU
		{916D90D2-5FF4-44BF-8540-8A493C584136}.Debug|Any CPU.Build.0 = Debug|Any CPU
		{916D90D2-5FF4-44BF-8540-8A493C584136}.Release|Any CPU.ActiveCfg = Release|Any CPU
		{916D90D2-5FF4-44BF-8540-8A493C584136}.Release|Any CPU.Build.0 = Release|Any CPU
		{916D90D2-5FF4-44BF-8540-8A493C584136}.Staging|Any CPU.ActiveCfg = Debug|Any CPU
		{916D90D2-5FF4-44BF-8540-8A493C584136}.Staging|Any CPU.Build.0 = Debug|Any CPU
		{A3E1C1D4-E993-4A12-8C48-A0081C1E517B}.Debug|Any CPU.ActiveCfg = Debug|Any CPU
		{A3E1C1D4-E993-4A12-8C48-A0081C1E517B}.Debug|Any CPU.Build.0 = Debug|Any CPU
		{A3E1C1D4-E993-4A12-8C48-A0081C1E517B}.Release|Any CPU.ActiveCfg = Release|Any CPU
		{A3E1C1D4-E993-4A12-8C48-A0081C1E517B}.Release|Any CPU.Build.0 = Release|Any CPU
		{A3E1C1D4-E993-4A12-8C48-A0081C1E517B}.Staging|Any CPU.ActiveCfg = Debug|Any CPU
		{A3E1C1D4-E993-4A12-8C48-A0081C1E517B}.Staging|Any CPU.Build.0 = Debug|Any CPU
		{A4B39637-49B1-4279-B1D4-68048725B17D}.Debug|Any CPU.ActiveCfg = Debug|Any CPU
		{A4B39637-49B1-4279-B1D4-68048725B17D}.Debug|Any CPU.Build.0 = Debug|Any CPU
		{A4B39637-49B1-4279-B1D4-68048725B17D}.Release|Any CPU.ActiveCfg = Release|Any CPU
		{A4B39637-49B1-4279-B1D4-68048725B17D}.Release|Any CPU.Build.0 = Release|Any CPU
		{A4B39637-49B1-4279-B1D4-68048725B17D}.Staging|Any CPU.ActiveCfg = Debug|Any CPU
		{A4B39637-49B1-4279-B1D4-68048725B17D}.Staging|Any CPU.Build.0 = Debug|Any CPU
		{83FFC6E5-C327-4448-A95F-781ABFBA7BAF}.Debug|Any CPU.ActiveCfg = Debug|Any CPU
		{83FFC6E5-C327-4448-A95F-781ABFBA7BAF}.Debug|Any CPU.Build.0 = Debug|Any CPU
		{83FFC6E5-C327-4448-A95F-781ABFBA7BAF}.Release|Any CPU.ActiveCfg = Release|Any CPU
		{83FFC6E5-C327-4448-A95F-781ABFBA7BAF}.Release|Any CPU.Build.0 = Release|Any CPU
		{83FFC6E5-C327-4448-A95F-781ABFBA7BAF}.Staging|Any CPU.ActiveCfg = Debug|Any CPU
		{83FFC6E5-C327-4448-A95F-781ABFBA7BAF}.Staging|Any CPU.Build.0 = Debug|Any CPU
		{A896CFEC-9E68-4028-9FDC-F5994625C235}.Debug|Any CPU.ActiveCfg = Debug|Any CPU
		{A896CFEC-9E68-4028-9FDC-F5994625C235}.Debug|Any CPU.Build.0 = Debug|Any CPU
		{A896CFEC-9E68-4028-9FDC-F5994625C235}.Release|Any CPU.ActiveCfg = Release|Any CPU
		{A896CFEC-9E68-4028-9FDC-F5994625C235}.Release|Any CPU.Build.0 = Release|Any CPU
		{A896CFEC-9E68-4028-9FDC-F5994625C235}.Staging|Any CPU.ActiveCfg = Debug|Any CPU
		{A896CFEC-9E68-4028-9FDC-F5994625C235}.Staging|Any CPU.Build.0 = Debug|Any CPU
		{F4CF4F8C-E75F-4975-B88E-5C76E0E859D0}.Debug|Any CPU.ActiveCfg = Debug|Any CPU
		{F4CF4F8C-E75F-4975-B88E-5C76E0E859D0}.Debug|Any CPU.Build.0 = Debug|Any CPU
		{F4CF4F8C-E75F-4975-B88E-5C76E0E859D0}.Release|Any CPU.ActiveCfg = Release|Any CPU
		{F4CF4F8C-E75F-4975-B88E-5C76E0E859D0}.Release|Any CPU.Build.0 = Release|Any CPU
		{F4CF4F8C-E75F-4975-B88E-5C76E0E859D0}.Staging|Any CPU.ActiveCfg = Debug|Any CPU
		{F4CF4F8C-E75F-4975-B88E-5C76E0E859D0}.Staging|Any CPU.Build.0 = Debug|Any CPU
		{A949DC95-E0A4-49B4-8E88-367B51A9A299}.Debug|Any CPU.ActiveCfg = Debug|Any CPU
		{A949DC95-E0A4-49B4-8E88-367B51A9A299}.Debug|Any CPU.Build.0 = Debug|Any CPU
		{A949DC95-E0A4-49B4-8E88-367B51A9A299}.Release|Any CPU.ActiveCfg = Release|Any CPU
		{A949DC95-E0A4-49B4-8E88-367B51A9A299}.Release|Any CPU.Build.0 = Release|Any CPU
		{A949DC95-E0A4-49B4-8E88-367B51A9A299}.Staging|Any CPU.ActiveCfg = Staging|Any CPU
		{A949DC95-E0A4-49B4-8E88-367B51A9A299}.Staging|Any CPU.Build.0 = Staging|Any CPU
		{E54A5CFC-410C-406A-BCCE-B31909C8FFDF}.Debug|Any CPU.ActiveCfg = Debug|Any CPU
		{E54A5CFC-410C-406A-BCCE-B31909C8FFDF}.Debug|Any CPU.Build.0 = Debug|Any CPU
		{E54A5CFC-410C-406A-BCCE-B31909C8FFDF}.Release|Any CPU.ActiveCfg = Release|Any CPU
		{E54A5CFC-410C-406A-BCCE-B31909C8FFDF}.Release|Any CPU.Build.0 = Release|Any CPU
		{E54A5CFC-410C-406A-BCCE-B31909C8FFDF}.Staging|Any CPU.ActiveCfg = Debug|Any CPU
		{E54A5CFC-410C-406A-BCCE-B31909C8FFDF}.Staging|Any CPU.Build.0 = Debug|Any CPU
	EndGlobalSection
	GlobalSection(SolutionProperties) = preSolution
		HideSolutionNode = FALSE
	EndGlobalSection
	GlobalSection(NestedProjects) = preSolution
		{E4C743A5-F493-4892-A71E-93842EF77623} = {7A2749AE-E3D0-41FB-8F8E-EBBE1690EF4C}
		{4F5BAE43-D367-4801-B45D-F77FA60DCE9F} = {7A2749AE-E3D0-41FB-8F8E-EBBE1690EF4C}
		{3FE7F76E-DE4B-4E46-AD3A-3ECAD5F3B8B6} = {7A2749AE-E3D0-41FB-8F8E-EBBE1690EF4C}
		{C6D773A4-1C42-4B26-9624-36BF83ED4BD9} = {7A2749AE-E3D0-41FB-8F8E-EBBE1690EF4C}
		{1CD38DB2-5361-4147-A1DE-AC5DB67D7C0C} = {7A2749AE-E3D0-41FB-8F8E-EBBE1690EF4C}
		{1AA86DD1-22C5-40DF-B45C-23E54347CB63} = {7A2749AE-E3D0-41FB-8F8E-EBBE1690EF4C}
		{A1355312-8813-4E87-ABD2-94DEBEDD410F} = {7A2749AE-E3D0-41FB-8F8E-EBBE1690EF4C}
		{6ACD9358-9E54-426A-A0FD-9C7AA6B7E550} = {7A2749AE-E3D0-41FB-8F8E-EBBE1690EF4C}
		{940417E3-114F-409C-B455-5409CB0B6B9F} = {7A2749AE-E3D0-41FB-8F8E-EBBE1690EF4C}
		{949B76F6-5CA3-450E-85A2-9DA8AF1ABD40} = {7A2749AE-E3D0-41FB-8F8E-EBBE1690EF4C}
		{00294999-0BB4-4139-A1FC-1EDD1F4CCEAC} = {13E32C66-7B89-45A1-98C1-5098F2ED6BC7}
		{18233E75-FACB-44BA-A57A-0C4C07CB5EE4} = {13E32C66-7B89-45A1-98C1-5098F2ED6BC7}
		{7FB1DDE3-0795-44B0-A7A0-BA4AC5824B80} = {13E32C66-7B89-45A1-98C1-5098F2ED6BC7}
		{B7672768-B06A-4E36-B43B-6D17DB9C9C50} = {13E32C66-7B89-45A1-98C1-5098F2ED6BC7}
		{27E4D83C-A7DA-4343-984F-193407DCD213} = {13E32C66-7B89-45A1-98C1-5098F2ED6BC7}
		{7BDE1273-1198-40D3-B8CB-E54CC2793DC3} = {13E32C66-7B89-45A1-98C1-5098F2ED6BC7}
		{DCE329BB-9EC7-47D0-A8C6-F71CA9B33CC2} = {13E32C66-7B89-45A1-98C1-5098F2ED6BC7}
		{B65270C0-F659-44EE-BB30-535C837D5B37} = {13E32C66-7B89-45A1-98C1-5098F2ED6BC7}
		{411B60FB-EA64-4208-A2BE-57BED4A25205} = {13E32C66-7B89-45A1-98C1-5098F2ED6BC7}
		{CEA12C94-2A02-43EE-BA09-CC7D0CA0312B} = {13E32C66-7B89-45A1-98C1-5098F2ED6BC7}
		{05186D7B-2BAF-4528-A85F-423FF6C98FE0} = {13E32C66-7B89-45A1-98C1-5098F2ED6BC7}
		{AA5F099E-2D71-46D7-8AEA-A5CF70086F7E} = {13E32C66-7B89-45A1-98C1-5098F2ED6BC7}
		{13B624CC-9098-477D-BD40-8BABAED3D11A} = {13E32C66-7B89-45A1-98C1-5098F2ED6BC7}
		{270EE552-5082-43BF-878C-87AE49CA6BFA} = {13E32C66-7B89-45A1-98C1-5098F2ED6BC7}
		{0C6BA6B9-BCD4-4D08-8E4F-E3F7C6B6B751} = {13E32C66-7B89-45A1-98C1-5098F2ED6BC7}
		{E96D1CA5-3060-4302-AE2E-904F5647BBE2} = {13E32C66-7B89-45A1-98C1-5098F2ED6BC7}
		{482C06D5-B775-411E-8253-24D4819F094A} = {13E32C66-7B89-45A1-98C1-5098F2ED6BC7}
		{FFC6A1E5-69DD-42BF-81CA-230EE50E5B11} = {13E32C66-7B89-45A1-98C1-5098F2ED6BC7}
		{99577056-E6B9-48F7-8CD1-DFD4D663125D} = {6E7D5341-8D80-4EDD-87C5-5D2B1378618E}
		{7345EE0D-F2E7-4676-A4C8-2979F30845F0} = {6E7D5341-8D80-4EDD-87C5-5D2B1378618E}
		{17951C99-3D5F-4E63-8959-F9A6AC93412C} = {6E7D5341-8D80-4EDD-87C5-5D2B1378618E}
		{D274B38E-FF0E-412C-872E-6A379D8DFB5A} = {6E7D5341-8D80-4EDD-87C5-5D2B1378618E}
		{7F334918-EB43-49C8-8826-6C824D6EE6F3} = {6E7D5341-8D80-4EDD-87C5-5D2B1378618E}
		{916D90D2-5FF4-44BF-8540-8A493C584136} = {6E7D5341-8D80-4EDD-87C5-5D2B1378618E}
		{A3E1C1D4-E993-4A12-8C48-A0081C1E517B} = {6E7D5341-8D80-4EDD-87C5-5D2B1378618E}
		{A4B39637-49B1-4279-B1D4-68048725B17D} = {6E7D5341-8D80-4EDD-87C5-5D2B1378618E}
		{83FFC6E5-C327-4448-A95F-781ABFBA7BAF} = {6E7D5341-8D80-4EDD-87C5-5D2B1378618E}
		{A896CFEC-9E68-4028-9FDC-F5994625C235} = {6E7D5341-8D80-4EDD-87C5-5D2B1378618E}
		{F4CF4F8C-E75F-4975-B88E-5C76E0E859D0} = {6E7D5341-8D80-4EDD-87C5-5D2B1378618E}
		{A949DC95-E0A4-49B4-8E88-367B51A9A299} = {7A2749AE-E3D0-41FB-8F8E-EBBE1690EF4C}
		{E54A5CFC-410C-406A-BCCE-B31909C8FFDF} = {6E7D5341-8D80-4EDD-87C5-5D2B1378618E}
	EndGlobalSection
	GlobalSection(ExtensibilityGlobals) = postSolution
		SolutionGuid = {D28DD5A6-F579-4AC2-9676-D5FB7D88D13E}
	EndGlobalSection
	
EndGlobal

