Microsoft Visual Studio Solution File, Format Version 12.00
# Visual Studio Version 17
VisualStudioVersion = 17.3.32804.467
MinimumVisualStudioVersion = 10.0.40219.1
Project("{9A19103F-16F7-4668-BE54-9A1E7A4F7556}") = "Damara.Core", "Damara.Core\Damara.Core.csproj", "{571376BD-CD4F-4944-A505-DB1B4981AE05}"
EndProject
Project("{FAE04EC0-301F-11D3-BF4B-00C04F79EFBC}") = "Damara.MSTest", "Damara.MSTest\Damara.MSTest.csproj", "{15D69382-3DE0-417F-B5EA-CCF42818E545}"
EndProject
Global
	GlobalSection(SolutionConfigurationPlatforms) = preSolution
		Debug|Any CPU = Debug|Any CPU
		Release|Any CPU = Release|Any CPU
	EndGlobalSection
	GlobalSection(ProjectConfigurationPlatforms) = postSolution
		{571376BD-CD4F-4944-A505-DB1B4981AE05}.Debug|Any CPU.ActiveCfg = Debug|Any CPU
		{571376BD-CD4F-4944-A505-DB1B4981AE05}.Debug|Any CPU.Build.0 = Debug|Any CPU
		{571376BD-CD4F-4944-A505-DB1B4981AE05}.Release|Any CPU.ActiveCfg = Release|Any CPU
		{571376BD-CD4F-4944-A505-DB1B4981AE05}.Release|Any CPU.Build.0 = Release|Any CPU
		{15D69382-3DE0-417F-B5EA-CCF42818E545}.Debug|Any CPU.ActiveCfg = Debug|Any CPU
		{15D69382-3DE0-417F-B5EA-CCF42818E545}.Debug|Any CPU.Build.0 = Debug|Any CPU
		{15D69382-3DE0-417F-B5EA-CCF42818E545}.Release|Any CPU.ActiveCfg = Release|Any CPU
		{15D69382-3DE0-417F-B5EA-CCF42818E545}.Release|Any CPU.Build.0 = Release|Any CPU
	EndGlobalSection
	GlobalSection(SolutionProperties) = preSolution
		HideSolutionNode = FALSE
	EndGlobalSection
	GlobalSection(ExtensibilityGlobals) = postSolution
		SolutionGuid = {D28DD5A6-F579-4AC2-9676-D5FB7D88D13E}
	EndGlobalSection
	
EndGlobal

