Microsoft Visual Studio Solution File, Format Version 12.00
# Visual Studio Version 16
VisualStudioVersion = 16.0.30128.74
MinimumVisualStudioVersion = 10.0.40219.1
Project("{9A19103F-16F7-4668-BE54-9A1E7A4F7556}") = "Damara.Core", "Damara.Core\Damara.Core.csproj", "{571376BD-CD4F-4944-A505-DB1B4981AE05}"
EndProject
Project("{FAE04EC0-301F-11D3-BF4B-00C04F79EFBC}") = "Damara.Blazor", "Damara.Blazor\Damara.Blazor.csproj", "{F3F9A3EB-3FE6-4C03-B0F2-88A0BF320BDB}"
EndProject
Global
	GlobalSection(SolutionConfigurationPlatforms) = preSolution
		Debug|Any CPU = Debug|Any CPU
		Release|Any CPU = Release|Any CPU
	EndGlobalSection
	GlobalSection(ProjectConfigurationPlatforms) = postSolution
		{571376BD-CD4F-4944-A505-DB1B4981AE05}.Debug|Any CPU.ActiveCfg = Debug|Any CPU
		{571376BD-CD4F-4944-A505-DB1B4981AE05}.Debug|Any CPU.Build.0 = Debug|Any CPU
		{571376BD-CD4F-4944-A505-DB1B4981AE05}.Release|Any CPU.ActiveCfg = Release|Any CPU
		{571376BD-CD4F-4944-A505-DB1B4981AE05}.Release|Any CPU.Build.0 = Release|Any CPU
		{F3F9A3EB-3FE6-4C03-B0F2-88A0BF320BDB}.Debug|Any CPU.ActiveCfg = Debug|Any CPU
		{F3F9A3EB-3FE6-4C03-B0F2-88A0BF320BDB}.Debug|Any CPU.Build.0 = Debug|Any CPU
		{F3F9A3EB-3FE6-4C03-B0F2-88A0BF320BDB}.Release|Any CPU.ActiveCfg = Release|Any CPU
		{F3F9A3EB-3FE6-4C03-B0F2-88A0BF320BDB}.Release|Any CPU.Build.0 = Release|Any CPU
	EndGlobalSection
	GlobalSection(SolutionProperties) = preSolution
		HideSolutionNode = FALSE
	EndGlobalSection
	GlobalSection(ExtensibilityGlobals) = postSolution
		SolutionGuid = {D28DD5A6-F579-4AC2-9676-D5FB7D88D13E}
	EndGlobalSection
	
EndGlobal

